
Microsoft Visual Studio Solution File, Format Version 12.00
# Visual Studio Version 17
VisualStudioVersion = 17.13.35931.197 d17.13
MinimumVisualStudioVersion = 10.0.40219.1
Project("{FAE04EC0-301F-11D3-BF4B-00C04F79EFBC}") = "CustomGun", "CustomGun\CustomGun.csproj", "{4BA874A2-2B0E-4150-98FD-34230E6DFA12}"
EndProject
Global
	GlobalSection(SolutionConfigurationPlatforms) = preSolution
		Debug|Any CPU = Debug|Any CPU
		Release|Any CPU = Release|Any CPU
	EndGlobalSection
	GlobalSection(ProjectConfigurationPlatforms) = postSolution
		{4BA874A2-2B0E-4150-98FD-34230E6DFA12}.Debug|Any CPU.ActiveCfg = Debug|Any CPU
		{4BA874A2-2B0E-4150-98FD-34230E6DFA12}.Debug|Any CPU.Build.0 = Debug|Any CPU
		{4BA874A2-2B0E-4150-98FD-34230E6DFA12}.Release|Any CPU.ActiveCfg = Release|Any CPU
		{4BA874A2-2B0E-4150-98FD-34230E6DFA12}.Release|Any CPU.Build.0 = Release|Any CPU
	EndGlobalSection
	GlobalSection(SolutionProperties) = preSolution
		HideSolutionNode = FALSE
	EndGlobalSection
	GlobalSection(ExtensibilityGlobals) = postSolution
		SolutionGuid = {5AD87716-71F9-403D-8199-67A5929BB74D}
	EndGlobalSection
EndGlobal
